
Microsoft Visual Studio Solution File, Format Version 12.00
# Visual Studio Version 16
VisualStudioVersion = 16.0.29306.81
MinimumVisualStudioVersion = 10.0.40219.1
Project("{FAE04EC0-301F-11D3-BF4B-00C04F79EFBC}") = "App1.Android", "App1\App1.Android\App1.Android.csproj", "{F33765C0-408C-4DC6-A35E-536585BB4395}"
EndProject
Project("{FAE04EC0-301F-11D3-BF4B-00C04F79EFBC}") = "App1.iOS", "App1\App1.iOS\App1.iOS.csproj", "{1717538F-9400-4C6B-A760-5787A071FF44}"
EndProject
Project("{FAE04EC0-301F-11D3-BF4B-00C04F79EFBC}") = "App1", "App1\App1\App1.csproj", "{78DCBA96-6E25-4CA7-8C9A-FA71C57216FC}"
EndProject
Global
	GlobalSection(SolutionConfigurationPlatforms) = preSolution
		Debug|Any CPU = Debug|Any CPU
		Debug|iPhone = Debug|iPhone
		Debug|iPhoneSimulator = Debug|iPhoneSimulator
		Release|Any CPU = Release|Any CPU
		Release|iPhone = Release|iPhone
		Release|iPhoneSimulator = Release|iPhoneSimulator
	EndGlobalSection
	GlobalSection(ProjectConfigurationPlatforms) = postSolution
		{F33765C0-408C-4DC6-A35E-536585BB4395}.Debug|Any CPU.ActiveCfg = Debug|Any CPU
		{F33765C0-408C-4DC6-A35E-536585BB4395}.Debug|Any CPU.Build.0 = Debug|Any CPU
		{F33765C0-408C-4DC6-A35E-536585BB4395}.Debug|Any CPU.Deploy.0 = Debug|Any CPU
		{F33765C0-408C-4DC6-A35E-536585BB4395}.Debug|iPhone.ActiveCfg = Debug|Any CPU
		{F33765C0-408C-4DC6-A35E-536585BB4395}.Debug|iPhone.Build.0 = Debug|Any CPU
		{F33765C0-408C-4DC6-A35E-536585BB4395}.Debug|iPhone.Deploy.0 = Debug|Any CPU
		{F33765C0-408C-4DC6-A35E-536585BB4395}.Debug|iPhoneSimulator.ActiveCfg = Debug|Any CPU
		{F33765C0-408C-4DC6-A35E-536585BB4395}.Debug|iPhoneSimulator.Build.0 = Debug|Any CPU
		{F33765C0-408C-4DC6-A35E-536585BB4395}.Debug|iPhoneSimulator.Deploy.0 = Debug|Any CPU
		{F33765C0-408C-4DC6-A35E-536585BB4395}.Release|Any CPU.ActiveCfg = Release|Any CPU
		{F33765C0-408C-4DC6-A35E-536585BB4395}.Release|Any CPU.Build.0 = Release|Any CPU
		{F33765C0-408C-4DC6-A35E-536585BB4395}.Release|Any CPU.Deploy.0 = Release|Any CPU
		{F33765C0-408C-4DC6-A35E-536585BB4395}.Release|iPhone.ActiveCfg = Release|Any CPU
		{F33765C0-408C-4DC6-A35E-536585BB4395}.Release|iPhone.Build.0 = Release|Any CPU
		{F33765C0-408C-4DC6-A35E-536585BB4395}.Release|iPhone.Deploy.0 = Release|Any CPU
		{F33765C0-408C-4DC6-A35E-536585BB4395}.Release|iPhoneSimulator.ActiveCfg = Release|Any CPU
		{F33765C0-408C-4DC6-A35E-536585BB4395}.Release|iPhoneSimulator.Build.0 = Release|Any CPU
		{F33765C0-408C-4DC6-A35E-536585BB4395}.Release|iPhoneSimulator.Deploy.0 = Release|Any CPU
		{1717538F-9400-4C6B-A760-5787A071FF44}.Debug|Any CPU.ActiveCfg = Debug|iPhoneSimulator
		{1717538F-9400-4C6B-A760-5787A071FF44}.Debug|Any CPU.Build.0 = Debug|iPhoneSimulator
		{1717538F-9400-4C6B-A760-5787A071FF44}.Debug|Any CPU.Deploy.0 = Debug|iPhoneSimulator
		{1717538F-9400-4C6B-A760-5787A071FF44}.Debug|iPhone.ActiveCfg = Debug|iPhone
		{1717538F-9400-4C6B-A760-5787A071FF44}.Debug|iPhone.Build.0 = Debug|iPhone
		{1717538F-9400-4C6B-A760-5787A071FF44}.Debug|iPhone.Deploy.0 = Debug|iPhone
		{1717538F-9400-4C6B-A760-5787A071FF44}.Debug|iPhoneSimulator.ActiveCfg = Debug|iPhoneSimulator
		{1717538F-9400-4C6B-A760-5787A071FF44}.Debug|iPhoneSimulator.Build.0 = Debug|iPhoneSimulator
		{1717538F-9400-4C6B-A760-5787A071FF44}.Debug|iPhoneSimulator.Deploy.0 = Debug|iPhoneSimulator
		{1717538F-9400-4C6B-A760-5787A071FF44}.Release|Any CPU.ActiveCfg = Release|iPhone
		{1717538F-9400-4C6B-A760-5787A071FF44}.Release|Any CPU.Build.0 = Release|iPhone
		{1717538F-9400-4C6B-A760-5787A071FF44}.Release|Any CPU.Deploy.0 = Release|iPhone
		{1717538F-9400-4C6B-A760-5787A071FF44}.Release|iPhone.ActiveCfg = Release|iPhone
		{1717538F-9400-4C6B-A760-5787A071FF44}.Release|iPhone.Build.0 = Release|iPhone
		{1717538F-9400-4C6B-A760-5787A071FF44}.Release|iPhone.Deploy.0 = Release|iPhone
		{1717538F-9400-4C6B-A760-5787A071FF44}.Release|iPhoneSimulator.ActiveCfg = Release|iPhoneSimulator
		{1717538F-9400-4C6B-A760-5787A071FF44}.Release|iPhoneSimulator.Build.0 = Release|iPhoneSimulator
		{1717538F-9400-4C6B-A760-5787A071FF44}.Release|iPhoneSimulator.Deploy.0 = Release|iPhoneSimulator
		{78DCBA96-6E25-4CA7-8C9A-FA71C57216FC}.Debug|Any CPU.ActiveCfg = Debug|Any CPU
		{78DCBA96-6E25-4CA7-8C9A-FA71C57216FC}.Debug|Any CPU.Build.0 = Debug|Any CPU
		{78DCBA96-6E25-4CA7-8C9A-FA71C57216FC}.Debug|Any CPU.Deploy.0 = Debug|Any CPU
		{78DCBA96-6E25-4CA7-8C9A-FA71C57216FC}.Debug|iPhone.ActiveCfg = Debug|Any CPU
		{78DCBA96-6E25-4CA7-8C9A-FA71C57216FC}.Debug|iPhone.Build.0 = Debug|Any CPU
		{78DCBA96-6E25-4CA7-8C9A-FA71C57216FC}.Debug|iPhone.Deploy.0 = Debug|Any CPU
		{78DCBA96-6E25-4CA7-8C9A-FA71C57216FC}.Debug|iPhoneSimulator.ActiveCfg = Debug|Any CPU
		{78DCBA96-6E25-4CA7-8C9A-FA71C57216FC}.Debug|iPhoneSimulator.Build.0 = Debug|Any CPU
		{78DCBA96-6E25-4CA7-8C9A-FA71C57216FC}.Debug|iPhoneSimulator.Deploy.0 = Debug|Any CPU
		{78DCBA96-6E25-4CA7-8C9A-FA71C57216FC}.Release|Any CPU.ActiveCfg = Release|Any CPU
		{78DCBA96-6E25-4CA7-8C9A-FA71C57216FC}.Release|Any CPU.Build.0 = Release|Any CPU
		{78DCBA96-6E25-4CA7-8C9A-FA71C57216FC}.Release|Any CPU.Deploy.0 = Release|Any CPU
		{78DCBA96-6E25-4CA7-8C9A-FA71C57216FC}.Release|iPhone.ActiveCfg = Release|Any CPU
		{78DCBA96-6E25-4CA7-8C9A-FA71C57216FC}.Release|iPhone.Build.0 = Release|Any CPU
		{78DCBA96-6E25-4CA7-8C9A-FA71C57216FC}.Release|iPhone.Deploy.0 = Release|Any CPU
		{78DCBA96-6E25-4CA7-8C9A-FA71C57216FC}.Release|iPhoneSimulator.ActiveCfg = Release|Any CPU
		{78DCBA96-6E25-4CA7-8C9A-FA71C57216FC}.Release|iPhoneSimulator.Build.0 = Release|Any CPU
		{78DCBA96-6E25-4CA7-8C9A-FA71C57216FC}.Release|iPhoneSimulator.Deploy.0 = Release|Any CPU
	EndGlobalSection
	GlobalSection(SolutionProperties) = preSolution
		HideSolutionNode = FALSE
	EndGlobalSection
	GlobalSection(ExtensibilityGlobals) = postSolution
		SolutionGuid = {B9E50B3F-D5CF-4607-B7E6-4D3C7804ECBF}
	EndGlobalSection
EndGlobal
